// !$*UTF8*$!
{
	archiveVersion = 1;
	classes = {
	};
	objectVersion = 50;
	objects = {

/* Begin PBXBuildFile section */
		26C496D0221B0A6B003FCCD1 /* AppDelegate.swift in Sources */ = {isa = PBXBuildFile; fileRef = 26C496CF221B0A6B003FCCD1 /* AppDelegate.swift */; };
		26C496D8221B0A6B003FCCD1 /* FlickrViewer.xcdatamodeld in Sources */ = {isa = PBXBuildFile; fileRef = 26C496D6221B0A6B003FCCD1 /* FlickrViewer.xcdatamodeld */; };
		26C496DA221B0A6D003FCCD1 /* Assets.xcassets in Resources */ = {isa = PBXBuildFile; fileRef = 26C496D9221B0A6D003FCCD1 /* Assets.xcassets */; };
		26C496E8221B0A6D003FCCD1 /* FlickrViewerTests.swift in Sources */ = {isa = PBXBuildFile; fileRef = 26C496E7221B0A6D003FCCD1 /* FlickrViewerTests.swift */; };
		26C49702221B0B40003FCCD1 /* RootCoordinator.swift in Sources */ = {isa = PBXBuildFile; fileRef = 26C496F4221B0B40003FCCD1 /* RootCoordinator.swift */; };
		26C49703221B0B40003FCCD1 /* SplashProtocols.swift in Sources */ = {isa = PBXBuildFile; fileRef = 26C496F8221B0B40003FCCD1 /* SplashProtocols.swift */; };
		26C49704221B0B40003FCCD1 /* SplashAssembly.swift in Sources */ = {isa = PBXBuildFile; fileRef = 26C496F9221B0B40003FCCD1 /* SplashAssembly.swift */; };
		26C49705221B0B40003FCCD1 /* SplashPresenter.swift in Sources */ = {isa = PBXBuildFile; fileRef = 26C496FB221B0B40003FCCD1 /* SplashPresenter.swift */; };
		26C49706221B0B40003FCCD1 /* SplashViewController.swift in Sources */ = {isa = PBXBuildFile; fileRef = 26C496FD221B0B40003FCCD1 /* SplashViewController.swift */; };
		26C49708221B0B40003FCCD1 /* SplashRouter.swift in Sources */ = {isa = PBXBuildFile; fileRef = 26C49701221B0B40003FCCD1 /* SplashRouter.swift */; };
		26C4970B221B0B68003FCCD1 /* BaseProtocols.swift in Sources */ = {isa = PBXBuildFile; fileRef = 26C4970A221B0B68003FCCD1 /* BaseProtocols.swift */; };
		26C4970E221B0BD6003FCCD1 /* LaunchScreen.storyboard in Resources */ = {isa = PBXBuildFile; fileRef = 26C4970D221B0BD6003FCCD1 /* LaunchScreen.storyboard */; };
		26C49717221B0FB1003FCCD1 /* ThirdPartyServices.swift in Sources */ = {isa = PBXBuildFile; fileRef = 26C49710221B0FB1003FCCD1 /* ThirdPartyServices.swift */; };
		26C49718221B0FB1003FCCD1 /* FlickrService.swift in Sources */ = {isa = PBXBuildFile; fileRef = 26C49712221B0FB1003FCCD1 /* FlickrService.swift */; };
		26C49719221B0FB1003FCCD1 /* FlickrSerchRequest.swift in Sources */ = {isa = PBXBuildFile; fileRef = 26C49713221B0FB1003FCCD1 /* FlickrSerchRequest.swift */; };
		26C4971A221B0FB1003FCCD1 /* FlickrResponse.swift in Sources */ = {isa = PBXBuildFile; fileRef = 26C49714221B0FB1003FCCD1 /* FlickrResponse.swift */; };
		26C4971B221B0FB1003FCCD1 /* FlickrRecentRequest.swift in Sources */ = {isa = PBXBuildFile; fileRef = 26C49715221B0FB1003FCCD1 /* FlickrRecentRequest.swift */; };
		26C4971C221B0FB1003FCCD1 /* FlickrRequest.swift in Sources */ = {isa = PBXBuildFile; fileRef = 26C49716221B0FB1003FCCD1 /* FlickrRequest.swift */; };
		26C49723221B1C35003FCCD1 /* ColorExtension.swift in Sources */ = {isa = PBXBuildFile; fileRef = 26C49722221B1C35003FCCD1 /* ColorExtension.swift */; };
		26C4972D221B49EB003FCCD1 /* LayoutAdjustment.swift in Sources */ = {isa = PBXBuildFile; fileRef = 26C4972C221B49EB003FCCD1 /* LayoutAdjustment.swift */; };
		26C49731221B4F9E003FCCD1 /* Constants.swift in Sources */ = {isa = PBXBuildFile; fileRef = 26C49730221B4F9E003FCCD1 /* Constants.swift */; };
		26F33CD3221B67800014951B /* ServiceFactory.swift in Sources */ = {isa = PBXBuildFile; fileRef = 26F33CD2221B67800014951B /* ServiceFactory.swift */; };
		26F33CE0221B6B340014951B /* MainProtocols.swift in Sources */ = {isa = PBXBuildFile; fileRef = 26F33CD6221B6B340014951B /* MainProtocols.swift */; };
		26F33CE1221B6B340014951B /* MainAssembly.swift in Sources */ = {isa = PBXBuildFile; fileRef = 26F33CD7221B6B340014951B /* MainAssembly.swift */; };
		26F33CE2221B6B340014951B /* MainPresenter.swift in Sources */ = {isa = PBXBuildFile; fileRef = 26F33CD9221B6B340014951B /* MainPresenter.swift */; };
		26F33CE3221B6B340014951B /* MainViewController.swift in Sources */ = {isa = PBXBuildFile; fileRef = 26F33CDB221B6B340014951B /* MainViewController.swift */; };
		26F33CE4221B6B340014951B /* MainInteractor.swift in Sources */ = {isa = PBXBuildFile; fileRef = 26F33CDD221B6B340014951B /* MainInteractor.swift */; };
		26F33CE5221B6B340014951B /* MainRouter.swift in Sources */ = {isa = PBXBuildFile; fileRef = 26F33CDF221B6B340014951B /* MainRouter.swift */; };
		26F33CE7221B7F840014951B /* UIViewExtension.swift in Sources */ = {isa = PBXBuildFile; fileRef = 26F33CE6221B7F840014951B /* UIViewExtension.swift */; };
		26F33CEC221B827A0014951B /* TitleLabel.swift in Sources */ = {isa = PBXBuildFile; fileRef = 26F33CEB221B827A0014951B /* TitleLabel.swift */; };
		26F33CEE221B86800014951B /* SearchField.swift in Sources */ = {isa = PBXBuildFile; fileRef = 26F33CED221B86800014951B /* SearchField.swift */; };
		26F33CF0221B93440014951B /* CollectionViewDS.swift in Sources */ = {isa = PBXBuildFile; fileRef = 26F33CEF221B93440014951B /* CollectionViewDS.swift */; };
		26F33CF4221B93DD0014951B /* Cell.swift in Sources */ = {isa = PBXBuildFile; fileRef = 26F33CF3221B93DD0014951B /* Cell.swift */; };
		26F33CF6221B9B460014951B /* CollectionView.swift in Sources */ = {isa = PBXBuildFile; fileRef = 26F33CF5221B9B460014951B /* CollectionView.swift */; };
		94E7E9186C764FEC04EBD9F6 /* Pods_FlickrViewer.framework in Frameworks */ = {isa = PBXBuildFile; fileRef = 65BA23B71C06289BF3676B8A /* Pods_FlickrViewer.framework */; };
/* End PBXBuildFile section */

/* Begin PBXContainerItemProxy section */
		26C496E4221B0A6D003FCCD1 /* PBXContainerItemProxy */ = {
			isa = PBXContainerItemProxy;
			containerPortal = 26C496C4221B0A6B003FCCD1 /* Project object */;
			proxyType = 1;
			remoteGlobalIDString = 26C496CB221B0A6B003FCCD1;
			remoteInfo = FlickrViewer;
		};
/* End PBXContainerItemProxy section */

/* Begin PBXFileReference section */
		26C496CC221B0A6B003FCCD1 /* FlickrViewer.app */ = {isa = PBXFileReference; explicitFileType = wrapper.application; includeInIndex = 0; path = FlickrViewer.app; sourceTree = BUILT_PRODUCTS_DIR; };
		26C496CF221B0A6B003FCCD1 /* AppDelegate.swift */ = {isa = PBXFileReference; lastKnownFileType = sourcecode.swift; path = AppDelegate.swift; sourceTree = "<group>"; };
		26C496D7221B0A6B003FCCD1 /* FlickrViewer.xcdatamodel */ = {isa = PBXFileReference; lastKnownFileType = wrapper.xcdatamodel; path = FlickrViewer.xcdatamodel; sourceTree = "<group>"; };
		26C496D9221B0A6D003FCCD1 /* Assets.xcassets */ = {isa = PBXFileReference; lastKnownFileType = folder.assetcatalog; path = Assets.xcassets; sourceTree = "<group>"; };
		26C496DE221B0A6D003FCCD1 /* Info.plist */ = {isa = PBXFileReference; lastKnownFileType = text.plist.xml; path = Info.plist; sourceTree = "<group>"; };
		26C496E3221B0A6D003FCCD1 /* FlickrViewerTests.xctest */ = {isa = PBXFileReference; explicitFileType = wrapper.cfbundle; includeInIndex = 0; path = FlickrViewerTests.xctest; sourceTree = BUILT_PRODUCTS_DIR; };
		26C496E7221B0A6D003FCCD1 /* FlickrViewerTests.swift */ = {isa = PBXFileReference; lastKnownFileType = sourcecode.swift; path = FlickrViewerTests.swift; sourceTree = "<group>"; };
		26C496E9221B0A6D003FCCD1 /* Info.plist */ = {isa = PBXFileReference; lastKnownFileType = text.plist.xml; path = Info.plist; sourceTree = "<group>"; };
		26C496F4221B0B40003FCCD1 /* RootCoordinator.swift */ = {isa = PBXFileReference; fileEncoding = 4; lastKnownFileType = sourcecode.swift; path = RootCoordinator.swift; sourceTree = "<group>"; };
		26C496F8221B0B40003FCCD1 /* SplashProtocols.swift */ = {isa = PBXFileReference; fileEncoding = 4; lastKnownFileType = sourcecode.swift; path = SplashProtocols.swift; sourceTree = "<group>"; };
		26C496F9221B0B40003FCCD1 /* SplashAssembly.swift */ = {isa = PBXFileReference; fileEncoding = 4; lastKnownFileType = sourcecode.swift; path = SplashAssembly.swift; sourceTree = "<group>"; };
		26C496FB221B0B40003FCCD1 /* SplashPresenter.swift */ = {isa = PBXFileReference; fileEncoding = 4; lastKnownFileType = sourcecode.swift; path = SplashPresenter.swift; sourceTree = "<group>"; };
		26C496FD221B0B40003FCCD1 /* SplashViewController.swift */ = {isa = PBXFileReference; fileEncoding = 4; lastKnownFileType = sourcecode.swift; path = SplashViewController.swift; sourceTree = "<group>"; };
		26C49701221B0B40003FCCD1 /* SplashRouter.swift */ = {isa = PBXFileReference; fileEncoding = 4; lastKnownFileType = sourcecode.swift; path = SplashRouter.swift; sourceTree = "<group>"; };
		26C4970A221B0B68003FCCD1 /* BaseProtocols.swift */ = {isa = PBXFileReference; fileEncoding = 4; lastKnownFileType = sourcecode.swift; path = BaseProtocols.swift; sourceTree = "<group>"; };
		26C4970D221B0BD6003FCCD1 /* LaunchScreen.storyboard */ = {isa = PBXFileReference; fileEncoding = 4; lastKnownFileType = file.storyboard; path = LaunchScreen.storyboard; sourceTree = "<group>"; };
		26C49710221B0FB1003FCCD1 /* ThirdPartyServices.swift */ = {isa = PBXFileReference; fileEncoding = 4; lastKnownFileType = sourcecode.swift; path = ThirdPartyServices.swift; sourceTree = "<group>"; };
		26C49712221B0FB1003FCCD1 /* FlickrService.swift */ = {isa = PBXFileReference; fileEncoding = 4; lastKnownFileType = sourcecode.swift; path = FlickrService.swift; sourceTree = "<group>"; };
		26C49713221B0FB1003FCCD1 /* FlickrSerchRequest.swift */ = {isa = PBXFileReference; fileEncoding = 4; lastKnownFileType = sourcecode.swift; path = FlickrSerchRequest.swift; sourceTree = "<group>"; };
		26C49714221B0FB1003FCCD1 /* FlickrResponse.swift */ = {isa = PBXFileReference; fileEncoding = 4; lastKnownFileType = sourcecode.swift; path = FlickrResponse.swift; sourceTree = "<group>"; };
		26C49715221B0FB1003FCCD1 /* FlickrRecentRequest.swift */ = {isa = PBXFileReference; fileEncoding = 4; lastKnownFileType = sourcecode.swift; path = FlickrRecentRequest.swift; sourceTree = "<group>"; };
		26C49716221B0FB1003FCCD1 /* FlickrRequest.swift */ = {isa = PBXFileReference; fileEncoding = 4; lastKnownFileType = sourcecode.swift; path = FlickrRequest.swift; sourceTree = "<group>"; };
		26C49722221B1C35003FCCD1 /* ColorExtension.swift */ = {isa = PBXFileReference; lastKnownFileType = sourcecode.swift; path = ColorExtension.swift; sourceTree = "<group>"; };
		26C4972C221B49EB003FCCD1 /* LayoutAdjustment.swift */ = {isa = PBXFileReference; lastKnownFileType = sourcecode.swift; path = LayoutAdjustment.swift; sourceTree = "<group>"; };
		26C49730221B4F9E003FCCD1 /* Constants.swift */ = {isa = PBXFileReference; lastKnownFileType = sourcecode.swift; path = Constants.swift; sourceTree = "<group>"; };
		26F33CD2221B67800014951B /* ServiceFactory.swift */ = {isa = PBXFileReference; lastKnownFileType = sourcecode.swift; path = ServiceFactory.swift; sourceTree = "<group>"; };
		26F33CD6221B6B340014951B /* MainProtocols.swift */ = {isa = PBXFileReference; fileEncoding = 4; lastKnownFileType = sourcecode.swift; path = MainProtocols.swift; sourceTree = "<group>"; };
		26F33CD7221B6B340014951B /* MainAssembly.swift */ = {isa = PBXFileReference; fileEncoding = 4; lastKnownFileType = sourcecode.swift; path = MainAssembly.swift; sourceTree = "<group>"; };
		26F33CD9221B6B340014951B /* MainPresenter.swift */ = {isa = PBXFileReference; fileEncoding = 4; lastKnownFileType = sourcecode.swift; path = MainPresenter.swift; sourceTree = "<group>"; };
		26F33CDB221B6B340014951B /* MainViewController.swift */ = {isa = PBXFileReference; fileEncoding = 4; lastKnownFileType = sourcecode.swift; path = MainViewController.swift; sourceTree = "<group>"; };
		26F33CDD221B6B340014951B /* MainInteractor.swift */ = {isa = PBXFileReference; fileEncoding = 4; lastKnownFileType = sourcecode.swift; path = MainInteractor.swift; sourceTree = "<group>"; };
		26F33CDF221B6B340014951B /* MainRouter.swift */ = {isa = PBXFileReference; fileEncoding = 4; lastKnownFileType = sourcecode.swift; path = MainRouter.swift; sourceTree = "<group>"; };
		26F33CE6221B7F840014951B /* UIViewExtension.swift */ = {isa = PBXFileReference; lastKnownFileType = sourcecode.swift; path = UIViewExtension.swift; sourceTree = "<group>"; };
		26F33CEB221B827A0014951B /* TitleLabel.swift */ = {isa = PBXFileReference; lastKnownFileType = sourcecode.swift; path = TitleLabel.swift; sourceTree = "<group>"; };
		26F33CED221B86800014951B /* SearchField.swift */ = {isa = PBXFileReference; lastKnownFileType = sourcecode.swift; path = SearchField.swift; sourceTree = "<group>"; };
		26F33CEF221B93440014951B /* CollectionViewDS.swift */ = {isa = PBXFileReference; lastKnownFileType = sourcecode.swift; path = CollectionViewDS.swift; sourceTree = "<group>"; };
		26F33CF3221B93DD0014951B /* Cell.swift */ = {isa = PBXFileReference; lastKnownFileType = sourcecode.swift; path = Cell.swift; sourceTree = "<group>"; };
		26F33CF5221B9B460014951B /* CollectionView.swift */ = {isa = PBXFileReference; lastKnownFileType = sourcecode.swift; path = CollectionView.swift; sourceTree = "<group>"; };
		65BA23B71C06289BF3676B8A /* Pods_FlickrViewer.framework */ = {isa = PBXFileReference; explicitFileType = wrapper.framework; includeInIndex = 0; path = Pods_FlickrViewer.framework; sourceTree = BUILT_PRODUCTS_DIR; };
		71AFF1660E19CF1AC7455056 /* Pods-FlickrViewer.release.xcconfig */ = {isa = PBXFileReference; includeInIndex = 1; lastKnownFileType = text.xcconfig; name = "Pods-FlickrViewer.release.xcconfig"; path = "Pods/Target Support Files/Pods-FlickrViewer/Pods-FlickrViewer.release.xcconfig"; sourceTree = "<group>"; };
		7E2AA660AC0F7F6453D3A8CA /* Pods-FlickrViewer.debug.xcconfig */ = {isa = PBXFileReference; includeInIndex = 1; lastKnownFileType = text.xcconfig; name = "Pods-FlickrViewer.debug.xcconfig"; path = "Pods/Target Support Files/Pods-FlickrViewer/Pods-FlickrViewer.debug.xcconfig"; sourceTree = "<group>"; };
/* End PBXFileReference section */

/* Begin PBXFrameworksBuildPhase section */
		26C496C9221B0A6B003FCCD1 /* Frameworks */ = {
			isa = PBXFrameworksBuildPhase;
			buildActionMask = 2147483647;
			files = (
				94E7E9186C764FEC04EBD9F6 /* Pods_FlickrViewer.framework in Frameworks */,
			);
			runOnlyForDeploymentPostprocessing = 0;
		};
		26C496E0221B0A6D003FCCD1 /* Frameworks */ = {
			isa = PBXFrameworksBuildPhase;
			buildActionMask = 2147483647;
			files = (
			);
			runOnlyForDeploymentPostprocessing = 0;
		};
/* End PBXFrameworksBuildPhase section */

/* Begin PBXGroup section */
		26C496C3221B0A6B003FCCD1 = {
			isa = PBXGroup;
			children = (
				26C496CE221B0A6B003FCCD1 /* FlickrViewer */,
				26C496E6221B0A6D003FCCD1 /* FlickrViewerTests */,
				26C496CD221B0A6B003FCCD1 /* Products */,
				8DBC0E0E6C950D61298C9A8E /* Pods */,
				A61D4C5EF22449BA9D15593B /* Frameworks */,
			);
			sourceTree = "<group>";
		};
		26C496CD221B0A6B003FCCD1 /* Products */ = {
			isa = PBXGroup;
			children = (
				26C496CC221B0A6B003FCCD1 /* FlickrViewer.app */,
				26C496E3221B0A6D003FCCD1 /* FlickrViewerTests.xctest */,
			);
			name = Products;
			sourceTree = "<group>";
		};
		26C496CE221B0A6B003FCCD1 /* FlickrViewer */ = {
			isa = PBXGroup;
			children = (
				26C49721221B1C02003FCCD1 /* Extensions */,
				26C4970F221B0FB1003FCCD1 /* Services */,
				26C49709221B0B68003FCCD1 /* Base */,
				26C496F3221B0B40003FCCD1 /* Coordinators */,
				26C496F5221B0B40003FCCD1 /* Modules */,
				26C496F2221B0A79003FCCD1 /* Resources */,
				26C496D6221B0A6B003FCCD1 /* FlickrViewer.xcdatamodeld */,
			);
			path = FlickrViewer;
			sourceTree = "<group>";
		};
		26C496E6221B0A6D003FCCD1 /* FlickrViewerTests */ = {
			isa = PBXGroup;
			children = (
				26C496E7221B0A6D003FCCD1 /* FlickrViewerTests.swift */,
				26C496E9221B0A6D003FCCD1 /* Info.plist */,
			);
			path = FlickrViewerTests;
			sourceTree = "<group>";
		};
		26C496F2221B0A79003FCCD1 /* Resources */ = {
			isa = PBXGroup;
			children = (
				26C4970D221B0BD6003FCCD1 /* LaunchScreen.storyboard */,
				26C496DE221B0A6D003FCCD1 /* Info.plist */,
				26C496D9221B0A6D003FCCD1 /* Assets.xcassets */,
				26C496CF221B0A6B003FCCD1 /* AppDelegate.swift */,
				26C49730221B4F9E003FCCD1 /* Constants.swift */,
			);
			path = Resources;
			sourceTree = "<group>";
		};
		26C496F3221B0B40003FCCD1 /* Coordinators */ = {
			isa = PBXGroup;
			children = (
				26C496F4221B0B40003FCCD1 /* RootCoordinator.swift */,
			);
			path = Coordinators;
			sourceTree = "<group>";
		};
		26C496F5221B0B40003FCCD1 /* Modules */ = {
			isa = PBXGroup;
			children = (
				26F33CD4221B6B340014951B /* MainScreen */,
				26C496F6221B0B40003FCCD1 /* Splash */,
			);
			path = Modules;
			sourceTree = "<group>";
		};
		26C496F6221B0B40003FCCD1 /* Splash */ = {
			isa = PBXGroup;
			children = (
				26C496F7221B0B40003FCCD1 /* Assembly */,
				26C496FA221B0B40003FCCD1 /* Presenter */,
				26C496FC221B0B40003FCCD1 /* View */,
				26C49700221B0B40003FCCD1 /* Router */,
			);
			path = Splash;
			sourceTree = "<group>";
		};
		26C496F7221B0B40003FCCD1 /* Assembly */ = {
			isa = PBXGroup;
			children = (
				26C496F8221B0B40003FCCD1 /* SplashProtocols.swift */,
				26C496F9221B0B40003FCCD1 /* SplashAssembly.swift */,
			);
			path = Assembly;
			sourceTree = "<group>";
		};
		26C496FA221B0B40003FCCD1 /* Presenter */ = {
			isa = PBXGroup;
			children = (
				26C496FB221B0B40003FCCD1 /* SplashPresenter.swift */,
			);
			path = Presenter;
			sourceTree = "<group>";
		};
		26C496FC221B0B40003FCCD1 /* View */ = {
			isa = PBXGroup;
			children = (
				26C496FD221B0B40003FCCD1 /* SplashViewController.swift */,
			);
			path = View;
			sourceTree = "<group>";
		};
		26C49700221B0B40003FCCD1 /* Router */ = {
			isa = PBXGroup;
			children = (
				26C49701221B0B40003FCCD1 /* SplashRouter.swift */,
			);
			path = Router;
			sourceTree = "<group>";
		};
		26C49709221B0B68003FCCD1 /* Base */ = {
			isa = PBXGroup;
			children = (
				26C4970A221B0B68003FCCD1 /* BaseProtocols.swift */,
			);
			path = Base;
			sourceTree = "<group>";
		};
		26C4970F221B0FB1003FCCD1 /* Services */ = {
			isa = PBXGroup;
			children = (
				26C49710221B0FB1003FCCD1 /* ThirdPartyServices.swift */,
				26C49711221B0FB1003FCCD1 /* FlickrService */,
				26F33CD2221B67800014951B /* ServiceFactory.swift */,
			);
			path = Services;
			sourceTree = "<group>";
		};
		26C49711221B0FB1003FCCD1 /* FlickrService */ = {
			isa = PBXGroup;
			children = (
				26C49712221B0FB1003FCCD1 /* FlickrService.swift */,
				26C49713221B0FB1003FCCD1 /* FlickrSerchRequest.swift */,
				26C49714221B0FB1003FCCD1 /* FlickrResponse.swift */,
				26C49715221B0FB1003FCCD1 /* FlickrRecentRequest.swift */,
				26C49716221B0FB1003FCCD1 /* FlickrRequest.swift */,
			);
			path = FlickrService;
			sourceTree = "<group>";
		};
		26C49721221B1C02003FCCD1 /* Extensions */ = {
			isa = PBXGroup;
			children = (
				26C49722221B1C35003FCCD1 /* ColorExtension.swift */,
				26F33CE6221B7F840014951B /* UIViewExtension.swift */,
				26C4972C221B49EB003FCCD1 /* LayoutAdjustment.swift */,
			);
			path = Extensions;
			sourceTree = "<group>";
		};
		26F33CD4221B6B340014951B /* MainScreen */ = {
			isa = PBXGroup;
			children = (
				26F33CD5221B6B340014951B /* Assembly */,
				26F33CD8221B6B340014951B /* Presenter */,
				26F33CDA221B6B340014951B /* View */,
				26F33CDC221B6B340014951B /* Interactor */,
				26F33CDE221B6B340014951B /* Router */,
			);
			path = MainScreen;
			sourceTree = "<group>";
		};
		26F33CD5221B6B340014951B /* Assembly */ = {
			isa = PBXGroup;
			children = (
				26F33CD6221B6B340014951B /* MainProtocols.swift */,
				26F33CD7221B6B340014951B /* MainAssembly.swift */,
			);
			path = Assembly;
			sourceTree = "<group>";
		};
		26F33CD8221B6B340014951B /* Presenter */ = {
			isa = PBXGroup;
			children = (
				26F33CD9221B6B340014951B /* MainPresenter.swift */,
			);
			path = Presenter;
			sourceTree = "<group>";
		};
		26F33CDA221B6B340014951B /* View */ = {
			isa = PBXGroup;
			children = (
				26F33CDB221B6B340014951B /* MainViewController.swift */,
				26F33CEB221B827A0014951B /* TitleLabel.swift */,
				26F33CED221B86800014951B /* SearchField.swift */,
				26F33CEF221B93440014951B /* CollectionViewDS.swift */,
				26F33CF3221B93DD0014951B /* Cell.swift */,
				26F33CF5221B9B460014951B /* CollectionView.swift */,
			);
			path = View;
			sourceTree = "<group>";
		};
		26F33CDC221B6B340014951B /* Interactor */ = {
			isa = PBXGroup;
			children = (
				26F33CDD221B6B340014951B /* MainInteractor.swift */,
			);
			path = Interactor;
			sourceTree = "<group>";
		};
		26F33CDE221B6B340014951B /* Router */ = {
			isa = PBXGroup;
			children = (
				26F33CDF221B6B340014951B /* MainRouter.swift */,
			);
			path = Router;
			sourceTree = "<group>";
		};
		8DBC0E0E6C950D61298C9A8E /* Pods */ = {
			isa = PBXGroup;
			children = (
				7E2AA660AC0F7F6453D3A8CA /* Pods-FlickrViewer.debug.xcconfig */,
				71AFF1660E19CF1AC7455056 /* Pods-FlickrViewer.release.xcconfig */,
			);
			name = Pods;
			sourceTree = "<group>";
		};
		A61D4C5EF22449BA9D15593B /* Frameworks */ = {
			isa = PBXGroup;
			children = (
				65BA23B71C06289BF3676B8A /* Pods_FlickrViewer.framework */,
			);
			name = Frameworks;
			sourceTree = "<group>";
		};
/* End PBXGroup section */

/* Begin PBXNativeTarget section */
		26C496CB221B0A6B003FCCD1 /* FlickrViewer */ = {
			isa = PBXNativeTarget;
			buildConfigurationList = 26C496EC221B0A6D003FCCD1 /* Build configuration list for PBXNativeTarget "FlickrViewer" */;
			buildPhases = (
				D3D60F9D6B7384EE00CBBD6B /* [CP] Check Pods Manifest.lock */,
				26C496C8221B0A6B003FCCD1 /* Sources */,
				26C496C9221B0A6B003FCCD1 /* Frameworks */,
				26C496CA221B0A6B003FCCD1 /* Resources */,
				820333652AE475D0C5982A5F /* [CP] Embed Pods Frameworks */,
			);
			buildRules = (
			);
			dependencies = (
			);
			name = FlickrViewer;
			productName = FlickrViewer;
			productReference = 26C496CC221B0A6B003FCCD1 /* FlickrViewer.app */;
			productType = "com.apple.product-type.application";
		};
		26C496E2221B0A6D003FCCD1 /* FlickrViewerTests */ = {
			isa = PBXNativeTarget;
			buildConfigurationList = 26C496EF221B0A6D003FCCD1 /* Build configuration list for PBXNativeTarget "FlickrViewerTests" */;
			buildPhases = (
				26C496DF221B0A6D003FCCD1 /* Sources */,
				26C496E0221B0A6D003FCCD1 /* Frameworks */,
				26C496E1221B0A6D003FCCD1 /* Resources */,
			);
			buildRules = (
			);
			dependencies = (
				26C496E5221B0A6D003FCCD1 /* PBXTargetDependency */,
			);
			name = FlickrViewerTests;
			productName = FlickrViewerTests;
			productReference = 26C496E3221B0A6D003FCCD1 /* FlickrViewerTests.xctest */;
			productType = "com.apple.product-type.bundle.unit-test";
		};
/* End PBXNativeTarget section */

/* Begin PBXProject section */
		26C496C4221B0A6B003FCCD1 /* Project object */ = {
			isa = PBXProject;
			attributes = {
				LastSwiftUpdateCheck = 1010;
				LastUpgradeCheck = 1010;
				ORGANIZATIONNAME = "Anton Makarov";
				TargetAttributes = {
					26C496CB221B0A6B003FCCD1 = {
						CreatedOnToolsVersion = 10.1;
					};
					26C496E2221B0A6D003FCCD1 = {
						CreatedOnToolsVersion = 10.1;
						TestTargetID = 26C496CB221B0A6B003FCCD1;
					};
				};
			};
			buildConfigurationList = 26C496C7221B0A6B003FCCD1 /* Build configuration list for PBXProject "FlickrViewer" */;
			compatibilityVersion = "Xcode 9.3";
			developmentRegion = en;
			hasScannedForEncodings = 0;
			knownRegions = (
				en,
				Base,
			);
			mainGroup = 26C496C3221B0A6B003FCCD1;
			productRefGroup = 26C496CD221B0A6B003FCCD1 /* Products */;
			projectDirPath = "";
			projectRoot = "";
			targets = (
				26C496CB221B0A6B003FCCD1 /* FlickrViewer */,
				26C496E2221B0A6D003FCCD1 /* FlickrViewerTests */,
			);
		};
/* End PBXProject section */

/* Begin PBXResourcesBuildPhase section */
		26C496CA221B0A6B003FCCD1 /* Resources */ = {
			isa = PBXResourcesBuildPhase;
			buildActionMask = 2147483647;
			files = (
				26C496DA221B0A6D003FCCD1 /* Assets.xcassets in Resources */,
				26C4970E221B0BD6003FCCD1 /* LaunchScreen.storyboard in Resources */,
			);
			runOnlyForDeploymentPostprocessing = 0;
		};
		26C496E1221B0A6D003FCCD1 /* Resources */ = {
			isa = PBXResourcesBuildPhase;
			buildActionMask = 2147483647;
			files = (
			);
			runOnlyForDeploymentPostprocessing = 0;
		};
/* End PBXResourcesBuildPhase section */

/* Begin PBXShellScriptBuildPhase section */
		820333652AE475D0C5982A5F /* [CP] Embed Pods Frameworks */ = {
			isa = PBXShellScriptBuildPhase;
			buildActionMask = 2147483647;
			files = (
			);
			inputFileListPaths = (
			);
			inputPaths = (
				"${SRCROOT}/Pods/Target Support Files/Pods-FlickrViewer/Pods-FlickrViewer-frameworks.sh",
				"${BUILT_PRODUCTS_DIR}/SnapKit/SnapKit.framework",
			);
			name = "[CP] Embed Pods Frameworks";
			outputFileListPaths = (
			);
			outputPaths = (
				"${TARGET_BUILD_DIR}/${FRAMEWORKS_FOLDER_PATH}/SnapKit.framework",
			);
			runOnlyForDeploymentPostprocessing = 0;
			shellPath = /bin/sh;
			shellScript = "\"${SRCROOT}/Pods/Target Support Files/Pods-FlickrViewer/Pods-FlickrViewer-frameworks.sh\"\n";
			showEnvVarsInLog = 0;
		};
		D3D60F9D6B7384EE00CBBD6B /* [CP] Check Pods Manifest.lock */ = {
			isa = PBXShellScriptBuildPhase;
			buildActionMask = 2147483647;
			files = (
			);
			inputFileListPaths = (
			);
			inputPaths = (
				"${PODS_PODFILE_DIR_PATH}/Podfile.lock",
				"${PODS_ROOT}/Manifest.lock",
			);
			name = "[CP] Check Pods Manifest.lock";
			outputFileListPaths = (
			);
			outputPaths = (
				"$(DERIVED_FILE_DIR)/Pods-FlickrViewer-checkManifestLockResult.txt",
			);
			runOnlyForDeploymentPostprocessing = 0;
			shellPath = /bin/sh;
			shellScript = "diff \"${PODS_PODFILE_DIR_PATH}/Podfile.lock\" \"${PODS_ROOT}/Manifest.lock\" > /dev/null\nif [ $? != 0 ] ; then\n    # print error to STDERR\n    echo \"error: The sandbox is not in sync with the Podfile.lock. Run 'pod install' or update your CocoaPods installation.\" >&2\n    exit 1\nfi\n# This output is used by Xcode 'outputs' to avoid re-running this script phase.\necho \"SUCCESS\" > \"${SCRIPT_OUTPUT_FILE_0}\"\n";
			showEnvVarsInLog = 0;
		};
/* End PBXShellScriptBuildPhase section */

/* Begin PBXSourcesBuildPhase section */
		26C496C8221B0A6B003FCCD1 /* Sources */ = {
			isa = PBXSourcesBuildPhase;
			buildActionMask = 2147483647;
			files = (
				26F33CE4221B6B340014951B /* MainInteractor.swift in Sources */,
				26F33CD3221B67800014951B /* ServiceFactory.swift in Sources */,
				26C49703221B0B40003FCCD1 /* SplashProtocols.swift in Sources */,
				26F33CF4221B93DD0014951B /* Cell.swift in Sources */,
				26C496D8221B0A6B003FCCD1 /* FlickrViewer.xcdatamodeld in Sources */,
				26C4971C221B0FB1003FCCD1 /* FlickrRequest.swift in Sources */,
				26C49718221B0FB1003FCCD1 /* FlickrService.swift in Sources */,
				26F33CE3221B6B340014951B /* MainViewController.swift in Sources */,
				26C49702221B0B40003FCCD1 /* RootCoordinator.swift in Sources */,
				26C49719221B0FB1003FCCD1 /* FlickrSerchRequest.swift in Sources */,
				26C49723221B1C35003FCCD1 /* ColorExtension.swift in Sources */,
				26C49704221B0B40003FCCD1 /* SplashAssembly.swift in Sources */,
				26C4970B221B0B68003FCCD1 /* BaseProtocols.swift in Sources */,
				26F33CE0221B6B340014951B /* MainProtocols.swift in Sources */,
				26C496D0221B0A6B003FCCD1 /* AppDelegate.swift in Sources */,
				26F33CE1221B6B340014951B /* MainAssembly.swift in Sources */,
				26C4972D221B49EB003FCCD1 /* LayoutAdjustment.swift in Sources */,
				26F33CE2221B6B340014951B /* MainPresenter.swift in Sources */,
				26C49706221B0B40003FCCD1 /* SplashViewController.swift in Sources */,
				26F33CEE221B86800014951B /* SearchField.swift in Sources */,
				26C49717221B0FB1003FCCD1 /* ThirdPartyServices.swift in Sources */,
				26F33CF6221B9B460014951B /* CollectionView.swift in Sources */,
				26F33CF0221B93440014951B /* CollectionViewDS.swift in Sources */,
				26C49705221B0B40003FCCD1 /* SplashPresenter.swift in Sources */,
				26C49708221B0B40003FCCD1 /* SplashRouter.swift in Sources */,
				26C49731221B4F9E003FCCD1 /* Constants.swift in Sources */,
				26F33CE7221B7F840014951B /* UIViewExtension.swift in Sources */,
				26C4971A221B0FB1003FCCD1 /* FlickrResponse.swift in Sources */,
				26F33CEC221B827A0014951B /* TitleLabel.swift in Sources */,
				26C4971B221B0FB1003FCCD1 /* FlickrRecentRequest.swift in Sources */,
				26F33CE5221B6B340014951B /* MainRouter.swift in Sources */,
			);
			runOnlyForDeploymentPostprocessing = 0;
		};
		26C496DF221B0A6D003FCCD1 /* Sources */ = {
			isa = PBXSourcesBuildPhase;
			buildActionMask = 2147483647;
			files = (
				26C496E8221B0A6D003FCCD1 /* FlickrViewerTests.swift in Sources */,
			);
			runOnlyForDeploymentPostprocessing = 0;
		};
/* End PBXSourcesBuildPhase section */

/* Begin PBXTargetDependency section */
		26C496E5221B0A6D003FCCD1 /* PBXTargetDependency */ = {
			isa = PBXTargetDependency;
			target = 26C496CB221B0A6B003FCCD1 /* FlickrViewer */;
			targetProxy = 26C496E4221B0A6D003FCCD1 /* PBXContainerItemProxy */;
		};
/* End PBXTargetDependency section */

/* Begin XCBuildConfiguration section */
		26C496EA221B0A6D003FCCD1 /* Debug */ = {
			isa = XCBuildConfiguration;
			buildSettings = {
				ALWAYS_SEARCH_USER_PATHS = NO;
				CLANG_ANALYZER_NONNULL = YES;
				CLANG_ANALYZER_NUMBER_OBJECT_CONVERSION = YES_AGGRESSIVE;
				CLANG_CXX_LANGUAGE_STANDARD = "gnu++14";
				CLANG_CXX_LIBRARY = "libc++";
				CLANG_ENABLE_MODULES = YES;
				CLANG_ENABLE_OBJC_ARC = YES;
				CLANG_ENABLE_OBJC_WEAK = YES;
				CLANG_WARN_BLOCK_CAPTURE_AUTORELEASING = YES;
				CLANG_WARN_BOOL_CONVERSION = YES;
				CLANG_WARN_COMMA = YES;
				CLANG_WARN_CONSTANT_CONVERSION = YES;
				CLANG_WARN_DEPRECATED_OBJC_IMPLEMENTATIONS = YES;
				CLANG_WARN_DIRECT_OBJC_ISA_USAGE = YES_ERROR;
				CLANG_WARN_DOCUMENTATION_COMMENTS = YES;
				CLANG_WARN_EMPTY_BODY = YES;
				CLANG_WARN_ENUM_CONVERSION = YES;
				CLANG_WARN_INFINITE_RECURSION = YES;
				CLANG_WARN_INT_CONVERSION = YES;
				CLANG_WARN_NON_LITERAL_NULL_CONVERSION = YES;
				CLANG_WARN_OBJC_IMPLICIT_RETAIN_SELF = YES;
				CLANG_WARN_OBJC_LITERAL_CONVERSION = YES;
				CLANG_WARN_OBJC_ROOT_CLASS = YES_ERROR;
				CLANG_WARN_RANGE_LOOP_ANALYSIS = YES;
				CLANG_WARN_STRICT_PROTOTYPES = YES;
				CLANG_WARN_SUSPICIOUS_MOVE = YES;
				CLANG_WARN_UNGUARDED_AVAILABILITY = YES_AGGRESSIVE;
				CLANG_WARN_UNREACHABLE_CODE = YES;
				CLANG_WARN__DUPLICATE_METHOD_MATCH = YES;
				CODE_SIGN_IDENTITY = "iPhone Developer";
				COPY_PHASE_STRIP = NO;
				DEBUG_INFORMATION_FORMAT = dwarf;
				ENABLE_STRICT_OBJC_MSGSEND = YES;
				ENABLE_TESTABILITY = YES;
				GCC_C_LANGUAGE_STANDARD = gnu11;
				GCC_DYNAMIC_NO_PIC = NO;
				GCC_NO_COMMON_BLOCKS = YES;
				GCC_OPTIMIZATION_LEVEL = 0;
				GCC_PREPROCESSOR_DEFINITIONS = (
					"DEBUG=1",
					"$(inherited)",
				);
				GCC_WARN_64_TO_32_BIT_CONVERSION = YES;
				GCC_WARN_ABOUT_RETURN_TYPE = YES_ERROR;
				GCC_WARN_UNDECLARED_SELECTOR = YES;
				GCC_WARN_UNINITIALIZED_AUTOS = YES_AGGRESSIVE;
				GCC_WARN_UNUSED_FUNCTION = YES;
				GCC_WARN_UNUSED_VARIABLE = YES;
				IPHONEOS_DEPLOYMENT_TARGET = 12.1;
				MTL_ENABLE_DEBUG_INFO = INCLUDE_SOURCE;
				MTL_FAST_MATH = YES;
				ONLY_ACTIVE_ARCH = YES;
				SDKROOT = iphoneos;
				SWIFT_ACTIVE_COMPILATION_CONDITIONS = DEBUG;
				SWIFT_OPTIMIZATION_LEVEL = "-Onone";
			};
			name = Debug;
		};
		26C496EB221B0A6D003FCCD1 /* Release */ = {
			isa = XCBuildConfiguration;
			buildSettings = {
				ALWAYS_SEARCH_USER_PATHS = NO;
				CLANG_ANALYZER_NONNULL = YES;
				CLANG_ANALYZER_NUMBER_OBJECT_CONVERSION = YES_AGGRESSIVE;
				CLANG_CXX_LANGUAGE_STANDARD = "gnu++14";
				CLANG_CXX_LIBRARY = "libc++";
				CLANG_ENABLE_MODULES = YES;
				CLANG_ENABLE_OBJC_ARC = YES;
				CLANG_ENABLE_OBJC_WEAK = YES;
				CLANG_WARN_BLOCK_CAPTURE_AUTORELEASING = YES;
				CLANG_WARN_BOOL_CONVERSION = YES;
				CLANG_WARN_COMMA = YES;
				CLANG_WARN_CONSTANT_CONVERSION = YES;
				CLANG_WARN_DEPRECATED_OBJC_IMPLEMENTATIONS = YES;
				CLANG_WARN_DIRECT_OBJC_ISA_USAGE = YES_ERROR;
				CLANG_WARN_DOCUMENTATION_COMMENTS = YES;
				CLANG_WARN_EMPTY_BODY = YES;
				CLANG_WARN_ENUM_CONVERSION = YES;
				CLANG_WARN_INFINITE_RECURSION = YES;
				CLANG_WARN_INT_CONVERSION = YES;
				CLANG_WARN_NON_LITERAL_NULL_CONVERSION = YES;
				CLANG_WARN_OBJC_IMPLICIT_RETAIN_SELF = YES;
				CLANG_WARN_OBJC_LITERAL_CONVERSION = YES;
				CLANG_WARN_OBJC_ROOT_CLASS = YES_ERROR;
				CLANG_WARN_RANGE_LOOP_ANALYSIS = YES;
				CLANG_WARN_STRICT_PROTOTYPES = YES;
				CLANG_WARN_SUSPICIOUS_MOVE = YES;
				CLANG_WARN_UNGUARDED_AVAILABILITY = YES_AGGRESSIVE;
				CLANG_WARN_UNREACHABLE_CODE = YES;
				CLANG_WARN__DUPLICATE_METHOD_MATCH = YES;
				CODE_SIGN_IDENTITY = "iPhone Developer";
				COPY_PHASE_STRIP = NO;
				DEBUG_INFORMATION_FORMAT = "dwarf-with-dsym";
				ENABLE_NS_ASSERTIONS = NO;
				ENABLE_STRICT_OBJC_MSGSEND = YES;
				GCC_C_LANGUAGE_STANDARD = gnu11;
				GCC_NO_COMMON_BLOCKS = YES;
				GCC_WARN_64_TO_32_BIT_CONVERSION = YES;
				GCC_WARN_ABOUT_RETURN_TYPE = YES_ERROR;
				GCC_WARN_UNDECLARED_SELECTOR = YES;
				GCC_WARN_UNINITIALIZED_AUTOS = YES_AGGRESSIVE;
				GCC_WARN_UNUSED_FUNCTION = YES;
				GCC_WARN_UNUSED_VARIABLE = YES;
				IPHONEOS_DEPLOYMENT_TARGET = 12.1;
				MTL_ENABLE_DEBUG_INFO = NO;
				MTL_FAST_MATH = YES;
				SDKROOT = iphoneos;
				SWIFT_COMPILATION_MODE = wholemodule;
				SWIFT_OPTIMIZATION_LEVEL = "-O";
				VALIDATE_PRODUCT = YES;
			};
			name = Release;
		};
		26C496ED221B0A6D003FCCD1 /* Debug */ = {
			isa = XCBuildConfiguration;
			baseConfigurationReference = 7E2AA660AC0F7F6453D3A8CA /* Pods-FlickrViewer.debug.xcconfig */;
			buildSettings = {
				ASSETCATALOG_COMPILER_APPICON_NAME = AppIcon;
				CODE_SIGN_STYLE = Automatic;
				DEVELOPMENT_TEAM = 8YVJ9UKXLW;
				INFOPLIST_FILE = "$(SRCROOT)/FlickrViewer/Resources/Info.plist";
				IPHONEOS_DEPLOYMENT_TARGET = 10.0;
				LD_RUNPATH_SEARCH_PATHS = (
					"$(inherited)",
					"@executable_path/Frameworks",
				);
				PRODUCT_BUNDLE_IDENTIFIER = com.manvik.FlickrViewer;
				PRODUCT_NAME = "$(TARGET_NAME)";
				SWIFT_VERSION = 4.2;
				TARGETED_DEVICE_FAMILY = 1;
			};
			name = Debug;
		};
		26C496EE221B0A6D003FCCD1 /* Release */ = {
			isa = XCBuildConfiguration;
			baseConfigurationReference = 71AFF1660E19CF1AC7455056 /* Pods-FlickrViewer.release.xcconfig */;
			buildSettings = {
				ASSETCATALOG_COMPILER_APPICON_NAME = AppIcon;
				CODE_SIGN_STYLE = Automatic;
				DEVELOPMENT_TEAM = 8YVJ9UKXLW;
				INFOPLIST_FILE = "$(SRCROOT)/FlickrViewer/Resources/Info.plist";
				IPHONEOS_DEPLOYMENT_TARGET = 10.0;
				LD_RUNPATH_SEARCH_PATHS = (
					"$(inherited)",
					"@executable_path/Frameworks",
				);
				PRODUCT_BUNDLE_IDENTIFIER = com.manvik.FlickrViewer;
				PRODUCT_NAME = "$(TARGET_NAME)";
				SWIFT_VERSION = 4.2;
				TARGETED_DEVICE_FAMILY = 1;
			};
			name = Release;
		};
		26C496F0221B0A6D003FCCD1 /* Debug */ = {
			isa = XCBuildConfiguration;
			buildSettings = {
				ALWAYS_EMBED_SWIFT_STANDARD_LIBRARIES = YES;
				BUNDLE_LOADER = "$(TEST_HOST)";
				CODE_SIGN_STYLE = Automatic;
				DEVELOPMENT_TEAM = 8YVJ9UKXLW;
				INFOPLIST_FILE = FlickrViewerTests/Info.plist;
				LD_RUNPATH_SEARCH_PATHS = (
					"$(inherited)",
					"@executable_path/Frameworks",
					"@loader_path/Frameworks",
				);
				PRODUCT_BUNDLE_IDENTIFIER = com.manvik.FlickrViewerTests;
				PRODUCT_NAME = "$(TARGET_NAME)";
				SWIFT_VERSION = 4.2;
				TARGETED_DEVICE_FAMILY = "1,2";
				TEST_HOST = "$(BUILT_PRODUCTS_DIR)/FlickrViewer.app/FlickrViewer";
			};
			name = Debug;
		};
		26C496F1221B0A6D003FCCD1 /* Release */ = {
			isa = XCBuildConfiguration;
			buildSettings = {
				ALWAYS_EMBED_SWIFT_STANDARD_LIBRARIES = YES;
				BUNDLE_LOADER = "$(TEST_HOST)";
				CODE_SIGN_STYLE = Automatic;
				DEVELOPMENT_TEAM = 8YVJ9UKXLW;
				INFOPLIST_FILE = FlickrViewerTests/Info.plist;
				LD_RUNPATH_SEARCH_PATHS = (
					"$(inherited)",
					"@executable_path/Frameworks",
					"@loader_path/Frameworks",
				);
				PRODUCT_BUNDLE_IDENTIFIER = com.manvik.FlickrViewerTests;
				PRODUCT_NAME = "$(TARGET_NAME)";
				SWIFT_VERSION = 4.2;
				TARGETED_DEVICE_FAMILY = "1,2";
				TEST_HOST = "$(BUILT_PRODUCTS_DIR)/FlickrViewer.app/FlickrViewer";
			};
			name = Release;
		};
/* End XCBuildConfiguration section */

/* Begin XCConfigurationList section */
		26C496C7221B0A6B003FCCD1 /* Build configuration list for PBXProject "FlickrViewer" */ = {
			isa = XCConfigurationList;
			buildConfigurations = (
				26C496EA221B0A6D003FCCD1 /* Debug */,
				26C496EB221B0A6D003FCCD1 /* Release */,
			);
			defaultConfigurationIsVisible = 0;
			defaultConfigurationName = Release;
		};
		26C496EC221B0A6D003FCCD1 /* Build configuration list for PBXNativeTarget "FlickrViewer" */ = {
			isa = XCConfigurationList;
			buildConfigurations = (
				26C496ED221B0A6D003FCCD1 /* Debug */,
				26C496EE221B0A6D003FCCD1 /* Release */,
			);
			defaultConfigurationIsVisible = 0;
			defaultConfigurationName = Release;
		};
		26C496EF221B0A6D003FCCD1 /* Build configuration list for PBXNativeTarget "FlickrViewerTests" */ = {
			isa = XCConfigurationList;
			buildConfigurations = (
				26C496F0221B0A6D003FCCD1 /* Debug */,
				26C496F1221B0A6D003FCCD1 /* Release */,
			);
			defaultConfigurationIsVisible = 0;
			defaultConfigurationName = Release;
		};
/* End XCConfigurationList section */

/* Begin XCVersionGroup section */
		26C496D6221B0A6B003FCCD1 /* FlickrViewer.xcdatamodeld */ = {
			isa = XCVersionGroup;
			children = (
				26C496D7221B0A6B003FCCD1 /* FlickrViewer.xcdatamodel */,
			);
			currentVersion = 26C496D7221B0A6B003FCCD1 /* FlickrViewer.xcdatamodel */;
			path = FlickrViewer.xcdatamodeld;
			sourceTree = "<group>";
			versionGroupType = wrapper.xcdatamodel;
		};
/* End XCVersionGroup section */
	};
	rootObject = 26C496C4221B0A6B003FCCD1 /* Project object */;
}
