// !$*UTF8*$!
{
	archiveVersion = 1;
	classes = {
	};
	objectVersion = 50;
	objects = {

/* Begin PBXBuildFile section */
		266ACA4322143C3F000FFF62 /* AppDelegate.swift in Sources */ = {isa = PBXBuildFile; fileRef = 266ACA4222143C3F000FFF62 /* AppDelegate.swift */; };
		266ACA4A22143C40000FFF62 /* Assets.xcassets in Resources */ = {isa = PBXBuildFile; fileRef = 266ACA4922143C40000FFF62 /* Assets.xcassets */; };
		266ACA4D22143C40000FFF62 /* LaunchScreen.storyboard in Resources */ = {isa = PBXBuildFile; fileRef = 266ACA4B22143C40000FFF62 /* LaunchScreen.storyboard */; };
		266ACA5822143C40000FFF62 /* FlickerViewerTests.swift in Sources */ = {isa = PBXBuildFile; fileRef = 266ACA5722143C40000FFF62 /* FlickerViewerTests.swift */; };
		266ACA7C2214406F000FFF62 /* SplashPresenter.swift in Sources */ = {isa = PBXBuildFile; fileRef = 266ACA742214406F000FFF62 /* SplashPresenter.swift */; };
		266ACA7D2214406F000FFF62 /* SplashRouter.swift in Sources */ = {isa = PBXBuildFile; fileRef = 266ACA762214406F000FFF62 /* SplashRouter.swift */; };
		266ACA7E2214406F000FFF62 /* SplashViewController.swift in Sources */ = {isa = PBXBuildFile; fileRef = 266ACA782214406F000FFF62 /* SplashViewController.swift */; };
		266ACA7F2214406F000FFF62 /* SplashProtocols.swift in Sources */ = {isa = PBXBuildFile; fileRef = 266ACA792214406F000FFF62 /* SplashProtocols.swift */; };
		266ACA802214406F000FFF62 /* SplashInteractor.swift in Sources */ = {isa = PBXBuildFile; fileRef = 266ACA7B2214406F000FFF62 /* SplashInteractor.swift */; };
		266ACA8622144B6C000FFF62 /* SplashAssembly.swift in Sources */ = {isa = PBXBuildFile; fileRef = 266ACA8522144B6C000FFF62 /* SplashAssembly.swift */; };
		266ACA8922144BC3000FFF62 /* BaseProtocols.swift in Sources */ = {isa = PBXBuildFile; fileRef = 266ACA8822144BC3000FFF62 /* BaseProtocols.swift */; };
		266ACA8D22144CE3000FFF62 /* MainCoordinator.swift in Sources */ = {isa = PBXBuildFile; fileRef = 266ACA8C22144CE3000FFF62 /* MainCoordinator.swift */; };
		F54BEF8A2197E1C589EC8609 /* Pods_FlickerViewer.framework in Frameworks */ = {isa = PBXBuildFile; fileRef = 4E083687464AB240A410F080 /* Pods_FlickerViewer.framework */; };
/* End PBXBuildFile section */

/* Begin PBXContainerItemProxy section */
		266ACA5422143C40000FFF62 /* PBXContainerItemProxy */ = {
			isa = PBXContainerItemProxy;
			containerPortal = 266ACA3722143C3F000FFF62 /* Project object */;
			proxyType = 1;
			remoteGlobalIDString = 266ACA3E22143C3F000FFF62;
			remoteInfo = FlickerViewer;
		};
/* End PBXContainerItemProxy section */

/* Begin PBXFileReference section */
		266ACA3F22143C3F000FFF62 /* FlickerViewer.app */ = {isa = PBXFileReference; explicitFileType = wrapper.application; includeInIndex = 0; path = FlickerViewer.app; sourceTree = BUILT_PRODUCTS_DIR; };
		266ACA4222143C3F000FFF62 /* AppDelegate.swift */ = {isa = PBXFileReference; lastKnownFileType = sourcecode.swift; path = AppDelegate.swift; sourceTree = "<group>"; };
		266ACA4922143C40000FFF62 /* Assets.xcassets */ = {isa = PBXFileReference; lastKnownFileType = folder.assetcatalog; path = Assets.xcassets; sourceTree = "<group>"; };
		266ACA4C22143C40000FFF62 /* Base */ = {isa = PBXFileReference; lastKnownFileType = file.storyboard; name = Base; path = Base.lproj/LaunchScreen.storyboard; sourceTree = "<group>"; };
		266ACA4E22143C40000FFF62 /* Info.plist */ = {isa = PBXFileReference; lastKnownFileType = text.plist.xml; path = Info.plist; sourceTree = "<group>"; };
		266ACA5322143C40000FFF62 /* FlickerViewerTests.xctest */ = {isa = PBXFileReference; explicitFileType = wrapper.cfbundle; includeInIndex = 0; path = FlickerViewerTests.xctest; sourceTree = BUILT_PRODUCTS_DIR; };
		266ACA5722143C40000FFF62 /* FlickerViewerTests.swift */ = {isa = PBXFileReference; lastKnownFileType = sourcecode.swift; path = FlickerViewerTests.swift; sourceTree = "<group>"; };
		266ACA5922143C40000FFF62 /* Info.plist */ = {isa = PBXFileReference; lastKnownFileType = text.plist.xml; path = Info.plist; sourceTree = "<group>"; };
		266ACA742214406F000FFF62 /* SplashPresenter.swift */ = {isa = PBXFileReference; fileEncoding = 4; lastKnownFileType = sourcecode.swift; path = SplashPresenter.swift; sourceTree = "<group>"; };
		266ACA762214406F000FFF62 /* SplashRouter.swift */ = {isa = PBXFileReference; fileEncoding = 4; lastKnownFileType = sourcecode.swift; path = SplashRouter.swift; sourceTree = "<group>"; };
		266ACA782214406F000FFF62 /* SplashViewController.swift */ = {isa = PBXFileReference; fileEncoding = 4; lastKnownFileType = sourcecode.swift; path = SplashViewController.swift; sourceTree = "<group>"; };
		266ACA792214406F000FFF62 /* SplashProtocols.swift */ = {isa = PBXFileReference; fileEncoding = 4; lastKnownFileType = sourcecode.swift; path = SplashProtocols.swift; sourceTree = "<group>"; };
		266ACA7B2214406F000FFF62 /* SplashInteractor.swift */ = {isa = PBXFileReference; fileEncoding = 4; lastKnownFileType = sourcecode.swift; path = SplashInteractor.swift; sourceTree = "<group>"; };
		266ACA8522144B6C000FFF62 /* SplashAssembly.swift */ = {isa = PBXFileReference; lastKnownFileType = sourcecode.swift; path = SplashAssembly.swift; sourceTree = "<group>"; };
		266ACA8822144BC3000FFF62 /* BaseProtocols.swift */ = {isa = PBXFileReference; lastKnownFileType = sourcecode.swift; path = BaseProtocols.swift; sourceTree = "<group>"; };
		266ACA8C22144CE3000FFF62 /* MainCoordinator.swift */ = {isa = PBXFileReference; lastKnownFileType = sourcecode.swift; path = MainCoordinator.swift; sourceTree = "<group>"; };
		4E083687464AB240A410F080 /* Pods_FlickerViewer.framework */ = {isa = PBXFileReference; explicitFileType = wrapper.framework; includeInIndex = 0; path = Pods_FlickerViewer.framework; sourceTree = BUILT_PRODUCTS_DIR; };
		CA076516A6DD36B4D1FBCBDB /* Pods-FlickerViewer.debug.xcconfig */ = {isa = PBXFileReference; includeInIndex = 1; lastKnownFileType = text.xcconfig; name = "Pods-FlickerViewer.debug.xcconfig"; path = "Pods/Target Support Files/Pods-FlickerViewer/Pods-FlickerViewer.debug.xcconfig"; sourceTree = "<group>"; };
		F3588299BEFD2F8AF236B20D /* Pods-FlickerViewer.release.xcconfig */ = {isa = PBXFileReference; includeInIndex = 1; lastKnownFileType = text.xcconfig; name = "Pods-FlickerViewer.release.xcconfig"; path = "Pods/Target Support Files/Pods-FlickerViewer/Pods-FlickerViewer.release.xcconfig"; sourceTree = "<group>"; };
/* End PBXFileReference section */

/* Begin PBXFrameworksBuildPhase section */
		266ACA3C22143C3F000FFF62 /* Frameworks */ = {
			isa = PBXFrameworksBuildPhase;
			buildActionMask = 2147483647;
			files = (
				F54BEF8A2197E1C589EC8609 /* Pods_FlickerViewer.framework in Frameworks */,
			);
			runOnlyForDeploymentPostprocessing = 0;
		};
		266ACA5022143C40000FFF62 /* Frameworks */ = {
			isa = PBXFrameworksBuildPhase;
			buildActionMask = 2147483647;
			files = (
			);
			runOnlyForDeploymentPostprocessing = 0;
		};
/* End PBXFrameworksBuildPhase section */

/* Begin PBXGroup section */
		248D129CA3D074D7A2D03C68 /* Pods */ = {
			isa = PBXGroup;
			children = (
				CA076516A6DD36B4D1FBCBDB /* Pods-FlickerViewer.debug.xcconfig */,
				F3588299BEFD2F8AF236B20D /* Pods-FlickerViewer.release.xcconfig */,
			);
			name = Pods;
			sourceTree = "<group>";
		};
		266ACA3622143C3F000FFF62 = {
			isa = PBXGroup;
			children = (
				266ACA4122143C3F000FFF62 /* FlickerViewer */,
				266ACA5622143C40000FFF62 /* FlickerViewerTests */,
				266ACA4022143C3F000FFF62 /* Products */,
				248D129CA3D074D7A2D03C68 /* Pods */,
				98FB27330CAA6C7D75E408F4 /* Frameworks */,
			);
			sourceTree = "<group>";
		};
		266ACA4022143C3F000FFF62 /* Products */ = {
			isa = PBXGroup;
			children = (
				266ACA3F22143C3F000FFF62 /* FlickerViewer.app */,
				266ACA5322143C40000FFF62 /* FlickerViewerTests.xctest */,
			);
			name = Products;
			sourceTree = "<group>";
		};
		266ACA4122143C3F000FFF62 /* FlickerViewer */ = {
			isa = PBXGroup;
			children = (
				266ACA8B22144CC6000FFF62 /* Coordinators */,
				266ACA712214406F000FFF62 /* Modules */,
				266ACA4222143C3F000FFF62 /* AppDelegate.swift */,
				266ACA4922143C40000FFF62 /* Assets.xcassets */,
				266ACA4B22143C40000FFF62 /* LaunchScreen.storyboard */,
				266ACA4E22143C40000FFF62 /* Info.plist */,
			);
			path = FlickerViewer;
			sourceTree = "<group>";
		};
		266ACA5622143C40000FFF62 /* FlickerViewerTests */ = {
			isa = PBXGroup;
			children = (
				266ACA5722143C40000FFF62 /* FlickerViewerTests.swift */,
				266ACA5922143C40000FFF62 /* Info.plist */,
			);
			path = FlickerViewerTests;
			sourceTree = "<group>";
		};
		266ACA712214406F000FFF62 /* Modules */ = {
			isa = PBXGroup;
			children = (
				266ACA8722144BAE000FFF62 /* Base */,
				266ACA722214406F000FFF62 /* Splash */,
			);
			path = Modules;
			sourceTree = "<group>";
		};
		266ACA722214406F000FFF62 /* Splash */ = {
			isa = PBXGroup;
			children = (
				266ACA8422144B4A000FFF62 /* Assembly */,
				266ACA732214406F000FFF62 /* Presenter */,
				266ACA752214406F000FFF62 /* Router */,
				266ACA772214406F000FFF62 /* View */,
				266ACA7A2214406F000FFF62 /* Interactor */,
			);
			path = Splash;
			sourceTree = "<group>";
		};
		266ACA732214406F000FFF62 /* Presenter */ = {
			isa = PBXGroup;
			children = (
				266ACA742214406F000FFF62 /* SplashPresenter.swift */,
			);
			path = Presenter;
			sourceTree = "<group>";
		};
		266ACA752214406F000FFF62 /* Router */ = {
			isa = PBXGroup;
			children = (
				266ACA762214406F000FFF62 /* SplashRouter.swift */,
			);
			path = Router;
			sourceTree = "<group>";
		};
		266ACA772214406F000FFF62 /* View */ = {
			isa = PBXGroup;
			children = (
				266ACA782214406F000FFF62 /* SplashViewController.swift */,
			);
			path = View;
			sourceTree = "<group>";
		};
		266ACA7A2214406F000FFF62 /* Interactor */ = {
			isa = PBXGroup;
			children = (
				266ACA7B2214406F000FFF62 /* SplashInteractor.swift */,
			);
			path = Interactor;
			sourceTree = "<group>";
		};
		266ACA8422144B4A000FFF62 /* Assembly */ = {
			isa = PBXGroup;
			children = (
				266ACA792214406F000FFF62 /* SplashProtocols.swift */,
				266ACA8522144B6C000FFF62 /* SplashAssembly.swift */,
			);
			path = Assembly;
			sourceTree = "<group>";
		};
		266ACA8722144BAE000FFF62 /* Base */ = {
			isa = PBXGroup;
			children = (
				266ACA8822144BC3000FFF62 /* BaseProtocols.swift */,
			);
			path = Base;
			sourceTree = "<group>";
		};
		266ACA8B22144CC6000FFF62 /* Coordinators */ = {
			isa = PBXGroup;
			children = (
				266ACA8C22144CE3000FFF62 /* MainCoordinator.swift */,
			);
			path = Coordinators;
			sourceTree = "<group>";
		};
		98FB27330CAA6C7D75E408F4 /* Frameworks */ = {
			isa = PBXGroup;
			children = (
				4E083687464AB240A410F080 /* Pods_FlickerViewer.framework */,
			);
			name = Frameworks;
			sourceTree = "<group>";
		};
/* End PBXGroup section */

/* Begin PBXNativeTarget section */
		266ACA3E22143C3F000FFF62 /* FlickerViewer */ = {
			isa = PBXNativeTarget;
			buildConfigurationList = 266ACA5C22143C40000FFF62 /* Build configuration list for PBXNativeTarget "FlickerViewer" */;
			buildPhases = (
				1464F38CF197AAC7164C246C /* [CP] Check Pods Manifest.lock */,
				266ACA3B22143C3F000FFF62 /* Sources */,
				266ACA3C22143C3F000FFF62 /* Frameworks */,
				266ACA3D22143C3F000FFF62 /* Resources */,
				0E59A4BD2B1EAD8AB577A9DB /* [CP] Embed Pods Frameworks */,
			);
			buildRules = (
			);
			dependencies = (
			);
			name = FlickerViewer;
			productName = FlickerViewer;
			productReference = 266ACA3F22143C3F000FFF62 /* FlickerViewer.app */;
			productType = "com.apple.product-type.application";
		};
		266ACA5222143C40000FFF62 /* FlickerViewerTests */ = {
			isa = PBXNativeTarget;
			buildConfigurationList = 266ACA5F22143C40000FFF62 /* Build configuration list for PBXNativeTarget "FlickerViewerTests" */;
			buildPhases = (
				266ACA4F22143C40000FFF62 /* Sources */,
				266ACA5022143C40000FFF62 /* Frameworks */,
				266ACA5122143C40000FFF62 /* Resources */,
			);
			buildRules = (
			);
			dependencies = (
				266ACA5522143C40000FFF62 /* PBXTargetDependency */,
			);
			name = FlickerViewerTests;
			productName = FlickerViewerTests;
			productReference = 266ACA5322143C40000FFF62 /* FlickerViewerTests.xctest */;
			productType = "com.apple.product-type.bundle.unit-test";
		};
/* End PBXNativeTarget section */

/* Begin PBXProject section */
		266ACA3722143C3F000FFF62 /* Project object */ = {
			isa = PBXProject;
			attributes = {
				LastSwiftUpdateCheck = 1010;
				LastUpgradeCheck = 1010;
				ORGANIZATIONNAME = "Anton Makarov";
				TargetAttributes = {
					266ACA3E22143C3F000FFF62 = {
						CreatedOnToolsVersion = 10.1;
					};
					266ACA5222143C40000FFF62 = {
						CreatedOnToolsVersion = 10.1;
						TestTargetID = 266ACA3E22143C3F000FFF62;
					};
				};
			};
			buildConfigurationList = 266ACA3A22143C3F000FFF62 /* Build configuration list for PBXProject "FlickerViewer" */;
			compatibilityVersion = "Xcode 9.3";
			developmentRegion = en;
			hasScannedForEncodings = 0;
			knownRegions = (
				en,
				Base,
			);
			mainGroup = 266ACA3622143C3F000FFF62;
			productRefGroup = 266ACA4022143C3F000FFF62 /* Products */;
			projectDirPath = "";
			projectRoot = "";
			targets = (
				266ACA3E22143C3F000FFF62 /* FlickerViewer */,
				266ACA5222143C40000FFF62 /* FlickerViewerTests */,
			);
		};
/* End PBXProject section */

/* Begin PBXResourcesBuildPhase section */
		266ACA3D22143C3F000FFF62 /* Resources */ = {
			isa = PBXResourcesBuildPhase;
			buildActionMask = 2147483647;
			files = (
				266ACA4D22143C40000FFF62 /* LaunchScreen.storyboard in Resources */,
				266ACA4A22143C40000FFF62 /* Assets.xcassets in Resources */,
			);
			runOnlyForDeploymentPostprocessing = 0;
		};
		266ACA5122143C40000FFF62 /* Resources */ = {
			isa = PBXResourcesBuildPhase;
			buildActionMask = 2147483647;
			files = (
			);
			runOnlyForDeploymentPostprocessing = 0;
		};
/* End PBXResourcesBuildPhase section */

/* Begin PBXShellScriptBuildPhase section */
		0E59A4BD2B1EAD8AB577A9DB /* [CP] Embed Pods Frameworks */ = {
			isa = PBXShellScriptBuildPhase;
			buildActionMask = 2147483647;
			files = (
			);
			inputFileListPaths = (
			);
			inputPaths = (
				"${SRCROOT}/Pods/Target Support Files/Pods-FlickerViewer/Pods-FlickerViewer-frameworks.sh",
				"${BUILT_PRODUCTS_DIR}/SnapKit/SnapKit.framework",
			);
			name = "[CP] Embed Pods Frameworks";
			outputFileListPaths = (
			);
			outputPaths = (
				"${TARGET_BUILD_DIR}/${FRAMEWORKS_FOLDER_PATH}/SnapKit.framework",
			);
			runOnlyForDeploymentPostprocessing = 0;
			shellPath = /bin/sh;
			shellScript = "\"${SRCROOT}/Pods/Target Support Files/Pods-FlickerViewer/Pods-FlickerViewer-frameworks.sh\"\n";
			showEnvVarsInLog = 0;
		};
		1464F38CF197AAC7164C246C /* [CP] Check Pods Manifest.lock */ = {
			isa = PBXShellScriptBuildPhase;
			buildActionMask = 2147483647;
			files = (
			);
			inputFileListPaths = (
			);
			inputPaths = (
				"${PODS_PODFILE_DIR_PATH}/Podfile.lock",
				"${PODS_ROOT}/Manifest.lock",
			);
			name = "[CP] Check Pods Manifest.lock";
			outputFileListPaths = (
			);
			outputPaths = (
				"$(DERIVED_FILE_DIR)/Pods-FlickerViewer-checkManifestLockResult.txt",
			);
			runOnlyForDeploymentPostprocessing = 0;
			shellPath = /bin/sh;
			shellScript = "diff \"${PODS_PODFILE_DIR_PATH}/Podfile.lock\" \"${PODS_ROOT}/Manifest.lock\" > /dev/null\nif [ $? != 0 ] ; then\n    # print error to STDERR\n    echo \"error: The sandbox is not in sync with the Podfile.lock. Run 'pod install' or update your CocoaPods installation.\" >&2\n    exit 1\nfi\n# This output is used by Xcode 'outputs' to avoid re-running this script phase.\necho \"SUCCESS\" > \"${SCRIPT_OUTPUT_FILE_0}\"\n";
			showEnvVarsInLog = 0;
		};
/* End PBXShellScriptBuildPhase section */

/* Begin PBXSourcesBuildPhase section */
		266ACA3B22143C3F000FFF62 /* Sources */ = {
			isa = PBXSourcesBuildPhase;
			buildActionMask = 2147483647;
			files = (
				266ACA7F2214406F000FFF62 /* SplashProtocols.swift in Sources */,
				266ACA8622144B6C000FFF62 /* SplashAssembly.swift in Sources */,
				266ACA802214406F000FFF62 /* SplashInteractor.swift in Sources */,
				266ACA7D2214406F000FFF62 /* SplashRouter.swift in Sources */,
				266ACA4322143C3F000FFF62 /* AppDelegate.swift in Sources */,
				266ACA7C2214406F000FFF62 /* SplashPresenter.swift in Sources */,
				266ACA8922144BC3000FFF62 /* BaseProtocols.swift in Sources */,
				266ACA8D22144CE3000FFF62 /* MainCoordinator.swift in Sources */,
				266ACA7E2214406F000FFF62 /* SplashViewController.swift in Sources */,
			);
			runOnlyForDeploymentPostprocessing = 0;
		};
		266ACA4F22143C40000FFF62 /* Sources */ = {
			isa = PBXSourcesBuildPhase;
			buildActionMask = 2147483647;
			files = (
				266ACA5822143C40000FFF62 /* FlickerViewerTests.swift in Sources */,
			);
			runOnlyForDeploymentPostprocessing = 0;
		};
/* End PBXSourcesBuildPhase section */

/* Begin PBXTargetDependency section */
		266ACA5522143C40000FFF62 /* PBXTargetDependency */ = {
			isa = PBXTargetDependency;
			target = 266ACA3E22143C3F000FFF62 /* FlickerViewer */;
			targetProxy = 266ACA5422143C40000FFF62 /* PBXContainerItemProxy */;
		};
/* End PBXTargetDependency section */

/* Begin PBXVariantGroup section */
		266ACA4B22143C40000FFF62 /* LaunchScreen.storyboard */ = {
			isa = PBXVariantGroup;
			children = (
				266ACA4C22143C40000FFF62 /* Base */,
			);
			name = LaunchScreen.storyboard;
			sourceTree = "<group>";
		};
/* End PBXVariantGroup section */

/* Begin XCBuildConfiguration section */
		266ACA5A22143C40000FFF62 /* Debug */ = {
			isa = XCBuildConfiguration;
			buildSettings = {
				ALWAYS_SEARCH_USER_PATHS = NO;
				CLANG_ANALYZER_NONNULL = YES;
				CLANG_ANALYZER_NUMBER_OBJECT_CONVERSION = YES_AGGRESSIVE;
				CLANG_CXX_LANGUAGE_STANDARD = "gnu++14";
				CLANG_CXX_LIBRARY = "libc++";
				CLANG_ENABLE_MODULES = YES;
				CLANG_ENABLE_OBJC_ARC = YES;
				CLANG_ENABLE_OBJC_WEAK = YES;
				CLANG_WARN_BLOCK_CAPTURE_AUTORELEASING = YES;
				CLANG_WARN_BOOL_CONVERSION = YES;
				CLANG_WARN_COMMA = YES;
				CLANG_WARN_CONSTANT_CONVERSION = YES;
				CLANG_WARN_DEPRECATED_OBJC_IMPLEMENTATIONS = YES;
				CLANG_WARN_DIRECT_OBJC_ISA_USAGE = YES_ERROR;
				CLANG_WARN_DOCUMENTATION_COMMENTS = YES;
				CLANG_WARN_EMPTY_BODY = YES;
				CLANG_WARN_ENUM_CONVERSION = YES;
				CLANG_WARN_INFINITE_RECURSION = YES;
				CLANG_WARN_INT_CONVERSION = YES;
				CLANG_WARN_NON_LITERAL_NULL_CONVERSION = YES;
				CLANG_WARN_OBJC_IMPLICIT_RETAIN_SELF = YES;
				CLANG_WARN_OBJC_LITERAL_CONVERSION = YES;
				CLANG_WARN_OBJC_ROOT_CLASS = YES_ERROR;
				CLANG_WARN_RANGE_LOOP_ANALYSIS = YES;
				CLANG_WARN_STRICT_PROTOTYPES = YES;
				CLANG_WARN_SUSPICIOUS_MOVE = YES;
				CLANG_WARN_UNGUARDED_AVAILABILITY = YES_AGGRESSIVE;
				CLANG_WARN_UNREACHABLE_CODE = YES;
				CLANG_WARN__DUPLICATE_METHOD_MATCH = YES;
				CODE_SIGN_IDENTITY = "iPhone Developer";
				COPY_PHASE_STRIP = NO;
				DEBUG_INFORMATION_FORMAT = dwarf;
				ENABLE_STRICT_OBJC_MSGSEND = YES;
				ENABLE_TESTABILITY = YES;
				GCC_C_LANGUAGE_STANDARD = gnu11;
				GCC_DYNAMIC_NO_PIC = NO;
				GCC_NO_COMMON_BLOCKS = YES;
				GCC_OPTIMIZATION_LEVEL = 0;
				GCC_PREPROCESSOR_DEFINITIONS = (
					"DEBUG=1",
					"$(inherited)",
				);
				GCC_WARN_64_TO_32_BIT_CONVERSION = YES;
				GCC_WARN_ABOUT_RETURN_TYPE = YES_ERROR;
				GCC_WARN_UNDECLARED_SELECTOR = YES;
				GCC_WARN_UNINITIALIZED_AUTOS = YES_AGGRESSIVE;
				GCC_WARN_UNUSED_FUNCTION = YES;
				GCC_WARN_UNUSED_VARIABLE = YES;
				IPHONEOS_DEPLOYMENT_TARGET = 12.1;
				MTL_ENABLE_DEBUG_INFO = INCLUDE_SOURCE;
				MTL_FAST_MATH = YES;
				ONLY_ACTIVE_ARCH = YES;
				SDKROOT = iphoneos;
				SWIFT_ACTIVE_COMPILATION_CONDITIONS = DEBUG;
				SWIFT_OPTIMIZATION_LEVEL = "-Onone";
			};
			name = Debug;
		};
		266ACA5B22143C40000FFF62 /* Release */ = {
			isa = XCBuildConfiguration;
			buildSettings = {
				ALWAYS_SEARCH_USER_PATHS = NO;
				CLANG_ANALYZER_NONNULL = YES;
				CLANG_ANALYZER_NUMBER_OBJECT_CONVERSION = YES_AGGRESSIVE;
				CLANG_CXX_LANGUAGE_STANDARD = "gnu++14";
				CLANG_CXX_LIBRARY = "libc++";
				CLANG_ENABLE_MODULES = YES;
				CLANG_ENABLE_OBJC_ARC = YES;
				CLANG_ENABLE_OBJC_WEAK = YES;
				CLANG_WARN_BLOCK_CAPTURE_AUTORELEASING = YES;
				CLANG_WARN_BOOL_CONVERSION = YES;
				CLANG_WARN_COMMA = YES;
				CLANG_WARN_CONSTANT_CONVERSION = YES;
				CLANG_WARN_DEPRECATED_OBJC_IMPLEMENTATIONS = YES;
				CLANG_WARN_DIRECT_OBJC_ISA_USAGE = YES_ERROR;
				CLANG_WARN_DOCUMENTATION_COMMENTS = YES;
				CLANG_WARN_EMPTY_BODY = YES;
				CLANG_WARN_ENUM_CONVERSION = YES;
				CLANG_WARN_INFINITE_RECURSION = YES;
				CLANG_WARN_INT_CONVERSION = YES;
				CLANG_WARN_NON_LITERAL_NULL_CONVERSION = YES;
				CLANG_WARN_OBJC_IMPLICIT_RETAIN_SELF = YES;
				CLANG_WARN_OBJC_LITERAL_CONVERSION = YES;
				CLANG_WARN_OBJC_ROOT_CLASS = YES_ERROR;
				CLANG_WARN_RANGE_LOOP_ANALYSIS = YES;
				CLANG_WARN_STRICT_PROTOTYPES = YES;
				CLANG_WARN_SUSPICIOUS_MOVE = YES;
				CLANG_WARN_UNGUARDED_AVAILABILITY = YES_AGGRESSIVE;
				CLANG_WARN_UNREACHABLE_CODE = YES;
				CLANG_WARN__DUPLICATE_METHOD_MATCH = YES;
				CODE_SIGN_IDENTITY = "iPhone Developer";
				COPY_PHASE_STRIP = NO;
				DEBUG_INFORMATION_FORMAT = "dwarf-with-dsym";
				ENABLE_NS_ASSERTIONS = NO;
				ENABLE_STRICT_OBJC_MSGSEND = YES;
				GCC_C_LANGUAGE_STANDARD = gnu11;
				GCC_NO_COMMON_BLOCKS = YES;
				GCC_WARN_64_TO_32_BIT_CONVERSION = YES;
				GCC_WARN_ABOUT_RETURN_TYPE = YES_ERROR;
				GCC_WARN_UNDECLARED_SELECTOR = YES;
				GCC_WARN_UNINITIALIZED_AUTOS = YES_AGGRESSIVE;
				GCC_WARN_UNUSED_FUNCTION = YES;
				GCC_WARN_UNUSED_VARIABLE = YES;
				IPHONEOS_DEPLOYMENT_TARGET = 12.1;
				MTL_ENABLE_DEBUG_INFO = NO;
				MTL_FAST_MATH = YES;
				SDKROOT = iphoneos;
				SWIFT_COMPILATION_MODE = wholemodule;
				SWIFT_OPTIMIZATION_LEVEL = "-O";
				VALIDATE_PRODUCT = YES;
			};
			name = Release;
		};
		266ACA5D22143C40000FFF62 /* Debug */ = {
			isa = XCBuildConfiguration;
			baseConfigurationReference = CA076516A6DD36B4D1FBCBDB /* Pods-FlickerViewer.debug.xcconfig */;
			buildSettings = {
				ASSETCATALOG_COMPILER_APPICON_NAME = AppIcon;
				CODE_SIGN_STYLE = Automatic;
				DEVELOPMENT_TEAM = 8YVJ9UKXLW;
				INFOPLIST_FILE = FlickerViewer/Info.plist;
				IPHONEOS_DEPLOYMENT_TARGET = 10.0;
				LD_RUNPATH_SEARCH_PATHS = (
					"$(inherited)",
					"@executable_path/Frameworks",
				);
				PRODUCT_BUNDLE_IDENTIFIER = com.manvik.FlickerViewer;
				PRODUCT_NAME = "$(TARGET_NAME)";
				SWIFT_VERSION = 4.2;
				TARGETED_DEVICE_FAMILY = 1;
			};
			name = Debug;
		};
		266ACA5E22143C40000FFF62 /* Release */ = {
			isa = XCBuildConfiguration;
			baseConfigurationReference = F3588299BEFD2F8AF236B20D /* Pods-FlickerViewer.release.xcconfig */;
			buildSettings = {
				ASSETCATALOG_COMPILER_APPICON_NAME = AppIcon;
				CODE_SIGN_STYLE = Automatic;
				DEVELOPMENT_TEAM = 8YVJ9UKXLW;
				INFOPLIST_FILE = FlickerViewer/Info.plist;
				IPHONEOS_DEPLOYMENT_TARGET = 10.0;
				LD_RUNPATH_SEARCH_PATHS = (
					"$(inherited)",
					"@executable_path/Frameworks",
				);
				PRODUCT_BUNDLE_IDENTIFIER = com.manvik.FlickerViewer;
				PRODUCT_NAME = "$(TARGET_NAME)";
				SWIFT_VERSION = 4.2;
				TARGETED_DEVICE_FAMILY = 1;
			};
			name = Release;
		};
		266ACA6022143C40000FFF62 /* Debug */ = {
			isa = XCBuildConfiguration;
			buildSettings = {
				ALWAYS_EMBED_SWIFT_STANDARD_LIBRARIES = YES;
				BUNDLE_LOADER = "$(TEST_HOST)";
				CODE_SIGN_STYLE = Automatic;
				DEVELOPMENT_TEAM = 8YVJ9UKXLW;
				INFOPLIST_FILE = FlickerViewerTests/Info.plist;
				LD_RUNPATH_SEARCH_PATHS = (
					"$(inherited)",
					"@executable_path/Frameworks",
					"@loader_path/Frameworks",
				);
				PRODUCT_BUNDLE_IDENTIFIER = com.manvik.FlickerViewerTests;
				PRODUCT_NAME = "$(TARGET_NAME)";
				SWIFT_VERSION = 4.2;
				TARGETED_DEVICE_FAMILY = "1,2";
				TEST_HOST = "$(BUILT_PRODUCTS_DIR)/FlickerViewer.app/FlickerViewer";
			};
			name = Debug;
		};
		266ACA6122143C40000FFF62 /* Release */ = {
			isa = XCBuildConfiguration;
			buildSettings = {
				ALWAYS_EMBED_SWIFT_STANDARD_LIBRARIES = YES;
				BUNDLE_LOADER = "$(TEST_HOST)";
				CODE_SIGN_STYLE = Automatic;
				DEVELOPMENT_TEAM = 8YVJ9UKXLW;
				INFOPLIST_FILE = FlickerViewerTests/Info.plist;
				LD_RUNPATH_SEARCH_PATHS = (
					"$(inherited)",
					"@executable_path/Frameworks",
					"@loader_path/Frameworks",
				);
				PRODUCT_BUNDLE_IDENTIFIER = com.manvik.FlickerViewerTests;
				PRODUCT_NAME = "$(TARGET_NAME)";
				SWIFT_VERSION = 4.2;
				TARGETED_DEVICE_FAMILY = "1,2";
				TEST_HOST = "$(BUILT_PRODUCTS_DIR)/FlickerViewer.app/FlickerViewer";
			};
			name = Release;
		};
/* End XCBuildConfiguration section */

/* Begin XCConfigurationList section */
		266ACA3A22143C3F000FFF62 /* Build configuration list for PBXProject "FlickerViewer" */ = {
			isa = XCConfigurationList;
			buildConfigurations = (
				266ACA5A22143C40000FFF62 /* Debug */,
				266ACA5B22143C40000FFF62 /* Release */,
			);
			defaultConfigurationIsVisible = 0;
			defaultConfigurationName = Release;
		};
		266ACA5C22143C40000FFF62 /* Build configuration list for PBXNativeTarget "FlickerViewer" */ = {
			isa = XCConfigurationList;
			buildConfigurations = (
				266ACA5D22143C40000FFF62 /* Debug */,
				266ACA5E22143C40000FFF62 /* Release */,
			);
			defaultConfigurationIsVisible = 0;
			defaultConfigurationName = Release;
		};
		266ACA5F22143C40000FFF62 /* Build configuration list for PBXNativeTarget "FlickerViewerTests" */ = {
			isa = XCConfigurationList;
			buildConfigurations = (
				266ACA6022143C40000FFF62 /* Debug */,
				266ACA6122143C40000FFF62 /* Release */,
			);
			defaultConfigurationIsVisible = 0;
			defaultConfigurationName = Release;
		};
/* End XCConfigurationList section */
	};
	rootObject = 266ACA3722143C3F000FFF62 /* Project object */;
}
